# generated by rye
# use `rye lock` or `rye sync` to update this lockfile
#
# last locked with the following flags:
#   pre: false
#   features: []
#   all-features: false
#   with-sources: false
#   generate-hashes: false
#   universal: false

-e file:.
aiofiles==24.1.0
    # via vrchat-autoban
annotated-types==0.7.0
    # via pydantic
colorama==0.4.6
    # via loguru
    # via tqdm
dynaconf==3.2.7
    # via vrchat-autoban
loguru==0.7.3
    # via vrchat-autoban
pydantic==2.10.5
    # via vrchat-autoban
pydantic-core==2.27.2
    # via pydantic
python-dateutil==2.9.0.post0
    # via vrchatapi
six==1.16.0
    # via python-dateutil
    # via vrchatapi
tqdm==4.67.1
    # via vrchat-autoban
typing-extensions==4.12.2
    # via pydantic
    # via pydantic-core
urllib3==2.2.2
    # via vrchatapi
vrchatapi==1.19.0
    # via vrchat-autoban
win32-setctime==1.1.0
    # via loguru
